{
  "name": "lattiex_mini",
  "version": "1.0.0",
  "lockfileVersion": 3,
  "requires": true,
  "packages": {
    "": {
      "name": "lattiex_mini",
      "version": "1.0.0",
      "license": "ISC",
      "dependencies": {
        "@vant/weapp": "^1.11.7",
        "mobx-miniprogram": "^6.12.3",
        "mobx-miniprogram-bindings": "^5.1.1"
      },
      "devDependencies": {
        "miniprogram-api-typings": "^4.0.1"
      }
    },
    "node_modules/@vant/weapp": {
      "version": "1.11.7",
      "resolved": "https://registry.npmmirror.com/@vant/weapp/-/weapp-1.11.7.tgz",
      "integrity": "sha512-Rwn9BBnb4kHSV4XmvBicwtd42J+amEUfnFDcXJsGNPNX4a9c/DoT6YLsm4X1wB2+sQbdiQsbFBLAvGRBxCkD8g=="
    },
    "node_modules/miniprogram-api-typings": {
      "version": "4.0.1",
      "resolved": "https://registry.npmmirror.com/miniprogram-api-typings/-/miniprogram-api-typings-4.0.1.tgz",
      "integrity": "sha512-Ok4SSNCYnNLgbAhHCpIeqx6XICZ3aUxZ2iQDExmwKEinWaQQFzzxobK5JP9skrEOWn9PoKodjw4iUdF8Um0i/A=="
    },
    "node_modules/mobx-miniprogram": {
      "version": "6.12.3",
      "resolved": "https://registry.npmmirror.com/mobx-miniprogram/-/mobx-miniprogram-6.12.3.tgz",
      "integrity": "sha512-GEq1EG7jZPnrHYV43oppa6jY9lgbNRuGPiXyOFRoluHjd5LIGBf3a+zXMjzO1AVwrFOWvVRazxtzfiRXMUUqZw==",
      "funding": {
        "type": "opencollective",
        "url": "https://opencollective.com/mobx"
      }
    },
    "node_modules/mobx-miniprogram-bindings": {
      "version": "5.1.1",
      "resolved": "https://registry.npmmirror.com/mobx-miniprogram-bindings/-/mobx-miniprogram-bindings-5.1.1.tgz",
      "integrity": "sha512-mWUST+SEkzOlOIaNCh5rlmpNirl+WKOAYifwfRUn8vpWUenCOyfi2Q7Z8bi+ydlAh/L6r1rmtFq8ot5zjeb1Yw==",
      "peerDependencies": {
        "miniprogram-api-typings": "^4.0.1",
        "mobx-miniprogram": "^6.0.0"
      }
    }
  }
}
